
Microsoft Visual Studio Solution File, Format Version 12.00
# Visual Studio Version 17
VisualStudioVersion = 17.14.36414.22
MinimumVisualStudioVersion = 10.0.40219.1
Project("{2150E333-8FDC-42A3-9474-1A3956D46DE8}") = "src", "src", "{827E0CD3-B72D-47B6-A68D-7590B98EB39B}"
EndProject
Project("{2150E333-8FDC-42A3-9474-1A3956D46DE8}") = "Core", "Core", "{8D626EA8-CB54-BC41-363A-217881BEBA6E}"
EndProject
Project("{FAE04EC0-301F-11D3-BF4B-00C04F79EFBC}") = "KurguWebsite.Domain", "src\Core\KurguWebsite.Domain\KurguWebsite.Domain.csproj", "{97D3D38E-A328-4A81-8E9C-45DBFEA3C766}"
EndProject
Project("{FAE04EC0-301F-11D3-BF4B-00C04F79EFBC}") = "KurguWebsite.Application", "src\Core\KurguWebsite.Application\KurguWebsite.Application.csproj", "{CF64C9A8-9646-403E-BDCC-DC681F71B957}"
EndProject
Project("{2150E333-8FDC-42A3-9474-1A3956D46DE8}") = "Infrastructure", "Infrastructure", "{9048EB7F-3875-A59E-E36B-5BD4C6F2A282}"
EndProject
Project("{FAE04EC0-301F-11D3-BF4B-00C04F79EFBC}") = "KurguWebsite.Infrastructure", "src\Infrastructure\KurguWebsite.Infrastructure\KurguWebsite.Infrastructure.csproj", "{D8D52F43-4345-4FD9-8F19-A2DC78A721A6}"
EndProject
Project("{FAE04EC0-301F-11D3-BF4B-00C04F79EFBC}") = "KurguWebsite.Persistence", "src\Infrastructure\KurguWebsite.Persistence\KurguWebsite.Persistence.csproj", "{CE748B8B-6504-4710-8467-B3EA7E6886D3}"
EndProject
Project("{2150E333-8FDC-42A3-9474-1A3956D46DE8}") = "Presentation", "Presentation", "{6996BBF7-DB31-59BC-C7DD-9A7CCC6138C4}"
EndProject
Project("{FAE04EC0-301F-11D3-BF4B-00C04F79EFBC}") = "KurguWebsite.API", "src\Presentation\KurguWebsite.API\KurguWebsite.API.csproj", "{15AD28AE-020F-48DF-BAF6-0E9CF298E395}"
EndProject
Project("{FAE04EC0-301F-11D3-BF4B-00C04F79EFBC}") = "KurguWebsite.WebUI", "src\Presentation\KurguWebsite.WebUI\KurguWebsite.WebUI.csproj", "{542D26D1-7E2B-4C32-A887-FB83A1D3ABFD}"
EndProject
Global
	GlobalSection(SolutionConfigurationPlatforms) = preSolution
		Debug|Any CPU = Debug|Any CPU
		Debug|x64 = Debug|x64
		Debug|x86 = Debug|x86
		Release|Any CPU = Release|Any CPU
		Release|x64 = Release|x64
		Release|x86 = Release|x86
	EndGlobalSection
	GlobalSection(ProjectConfigurationPlatforms) = postSolution
		{97D3D38E-A328-4A81-8E9C-45DBFEA3C766}.Debug|Any CPU.ActiveCfg = Debug|Any CPU
		{97D3D38E-A328-4A81-8E9C-45DBFEA3C766}.Debug|Any CPU.Build.0 = Debug|Any CPU
		{97D3D38E-A328-4A81-8E9C-45DBFEA3C766}.Debug|x64.ActiveCfg = Debug|Any CPU
		{97D3D38E-A328-4A81-8E9C-45DBFEA3C766}.Debug|x64.Build.0 = Debug|Any CPU
		{97D3D38E-A328-4A81-8E9C-45DBFEA3C766}.Debug|x86.ActiveCfg = Debug|Any CPU
		{97D3D38E-A328-4A81-8E9C-45DBFEA3C766}.Debug|x86.Build.0 = Debug|Any CPU
		{97D3D38E-A328-4A81-8E9C-45DBFEA3C766}.Release|Any CPU.ActiveCfg = Release|Any CPU
		{97D3D38E-A328-4A81-8E9C-45DBFEA3C766}.Release|Any CPU.Build.0 = Release|Any CPU
		{97D3D38E-A328-4A81-8E9C-45DBFEA3C766}.Release|x64.ActiveCfg = Release|Any CPU
		{97D3D38E-A328-4A81-8E9C-45DBFEA3C766}.Release|x64.Build.0 = Release|Any CPU
		{97D3D38E-A328-4A81-8E9C-45DBFEA3C766}.Release|x86.ActiveCfg = Release|Any CPU
		{97D3D38E-A328-4A81-8E9C-45DBFEA3C766}.Release|x86.Build.0 = Release|Any CPU
		{CF64C9A8-9646-403E-BDCC-DC681F71B957}.Debug|Any CPU.ActiveCfg = Debug|Any CPU
		{CF64C9A8-9646-403E-BDCC-DC681F71B957}.Debug|Any CPU.Build.0 = Debug|Any CPU
		{CF64C9A8-9646-403E-BDCC-DC681F71B957}.Debug|x64.ActiveCfg = Debug|Any CPU
		{CF64C9A8-9646-403E-BDCC-DC681F71B957}.Debug|x64.Build.0 = Debug|Any CPU
		{CF64C9A8-9646-403E-BDCC-DC681F71B957}.Debug|x86.ActiveCfg = Debug|Any CPU
		{CF64C9A8-9646-403E-BDCC-DC681F71B957}.Debug|x86.Build.0 = Debug|Any CPU
		{CF64C9A8-9646-403E-BDCC-DC681F71B957}.Release|Any CPU.ActiveCfg = Release|Any CPU
		{CF64C9A8-9646-403E-BDCC-DC681F71B957}.Release|Any CPU.Build.0 = Release|Any CPU
		{CF64C9A8-9646-403E-BDCC-DC681F71B957}.Release|x64.ActiveCfg = Release|Any CPU
		{CF64C9A8-9646-403E-BDCC-DC681F71B957}.Release|x64.Build.0 = Release|Any CPU
		{CF64C9A8-9646-403E-BDCC-DC681F71B957}.Release|x86.ActiveCfg = Release|Any CPU
		{CF64C9A8-9646-403E-BDCC-DC681F71B957}.Release|x86.Build.0 = Release|Any CPU
		{D8D52F43-4345-4FD9-8F19-A2DC78A721A6}.Debug|Any CPU.ActiveCfg = Debug|Any CPU
		{D8D52F43-4345-4FD9-8F19-A2DC78A721A6}.Debug|Any CPU.Build.0 = Debug|Any CPU
		{D8D52F43-4345-4FD9-8F19-A2DC78A721A6}.Debug|x64.ActiveCfg = Debug|Any CPU
		{D8D52F43-4345-4FD9-8F19-A2DC78A721A6}.Debug|x64.Build.0 = Debug|Any CPU
		{D8D52F43-4345-4FD9-8F19-A2DC78A721A6}.Debug|x86.ActiveCfg = Debug|Any CPU
		{D8D52F43-4345-4FD9-8F19-A2DC78A721A6}.Debug|x86.Build.0 = Debug|Any CPU
		{D8D52F43-4345-4FD9-8F19-A2DC78A721A6}.Release|Any CPU.ActiveCfg = Release|Any CPU
		{D8D52F43-4345-4FD9-8F19-A2DC78A721A6}.Release|Any CPU.Build.0 = Release|Any CPU
		{D8D52F43-4345-4FD9-8F19-A2DC78A721A6}.Release|x64.ActiveCfg = Release|Any CPU
		{D8D52F43-4345-4FD9-8F19-A2DC78A721A6}.Release|x64.Build.0 = Release|Any CPU
		{D8D52F43-4345-4FD9-8F19-A2DC78A721A6}.Release|x86.ActiveCfg = Release|Any CPU
		{D8D52F43-4345-4FD9-8F19-A2DC78A721A6}.Release|x86.Build.0 = Release|Any CPU
		{CE748B8B-6504-4710-8467-B3EA7E6886D3}.Debug|Any CPU.ActiveCfg = Debug|Any CPU
		{CE748B8B-6504-4710-8467-B3EA7E6886D3}.Debug|Any CPU.Build.0 = Debug|Any CPU
		{CE748B8B-6504-4710-8467-B3EA7E6886D3}.Debug|x64.ActiveCfg = Debug|Any CPU
		{CE748B8B-6504-4710-8467-B3EA7E6886D3}.Debug|x64.Build.0 = Debug|Any CPU
		{CE748B8B-6504-4710-8467-B3EA7E6886D3}.Debug|x86.ActiveCfg = Debug|Any CPU
		{CE748B8B-6504-4710-8467-B3EA7E6886D3}.Debug|x86.Build.0 = Debug|Any CPU
		{CE748B8B-6504-4710-8467-B3EA7E6886D3}.Release|Any CPU.ActiveCfg = Release|Any CPU
		{CE748B8B-6504-4710-8467-B3EA7E6886D3}.Release|Any CPU.Build.0 = Release|Any CPU
		{CE748B8B-6504-4710-8467-B3EA7E6886D3}.Release|x64.ActiveCfg = Release|Any CPU
		{CE748B8B-6504-4710-8467-B3EA7E6886D3}.Release|x64.Build.0 = Release|Any CPU
		{CE748B8B-6504-4710-8467-B3EA7E6886D3}.Release|x86.ActiveCfg = Release|Any CPU
		{CE748B8B-6504-4710-8467-B3EA7E6886D3}.Release|x86.Build.0 = Release|Any CPU
		{15AD28AE-020F-48DF-BAF6-0E9CF298E395}.Debug|Any CPU.ActiveCfg = Debug|Any CPU
		{15AD28AE-020F-48DF-BAF6-0E9CF298E395}.Debug|Any CPU.Build.0 = Debug|Any CPU
		{15AD28AE-020F-48DF-BAF6-0E9CF298E395}.Debug|x64.ActiveCfg = Debug|Any CPU
		{15AD28AE-020F-48DF-BAF6-0E9CF298E395}.Debug|x64.Build.0 = Debug|Any CPU
		{15AD28AE-020F-48DF-BAF6-0E9CF298E395}.Debug|x86.ActiveCfg = Debug|Any CPU
		{15AD28AE-020F-48DF-BAF6-0E9CF298E395}.Debug|x86.Build.0 = Debug|Any CPU
		{15AD28AE-020F-48DF-BAF6-0E9CF298E395}.Release|Any CPU.ActiveCfg = Release|Any CPU
		{15AD28AE-020F-48DF-BAF6-0E9CF298E395}.Release|Any CPU.Build.0 = Release|Any CPU
		{15AD28AE-020F-48DF-BAF6-0E9CF298E395}.Release|x64.ActiveCfg = Release|Any CPU
		{15AD28AE-020F-48DF-BAF6-0E9CF298E395}.Release|x64.Build.0 = Release|Any CPU
		{15AD28AE-020F-48DF-BAF6-0E9CF298E395}.Release|x86.ActiveCfg = Release|Any CPU
		{15AD28AE-020F-48DF-BAF6-0E9CF298E395}.Release|x86.Build.0 = Release|Any CPU
		{542D26D1-7E2B-4C32-A887-FB83A1D3ABFD}.Debug|Any CPU.ActiveCfg = Debug|Any CPU
		{542D26D1-7E2B-4C32-A887-FB83A1D3ABFD}.Debug|Any CPU.Build.0 = Debug|Any CPU
		{542D26D1-7E2B-4C32-A887-FB83A1D3ABFD}.Debug|x64.ActiveCfg = Debug|Any CPU
		{542D26D1-7E2B-4C32-A887-FB83A1D3ABFD}.Debug|x64.Build.0 = Debug|Any CPU
		{542D26D1-7E2B-4C32-A887-FB83A1D3ABFD}.Debug|x86.ActiveCfg = Debug|Any CPU
		{542D26D1-7E2B-4C32-A887-FB83A1D3ABFD}.Debug|x86.Build.0 = Debug|Any CPU
		{542D26D1-7E2B-4C32-A887-FB83A1D3ABFD}.Release|Any CPU.ActiveCfg = Release|Any CPU
		{542D26D1-7E2B-4C32-A887-FB83A1D3ABFD}.Release|Any CPU.Build.0 = Release|Any CPU
		{542D26D1-7E2B-4C32-A887-FB83A1D3ABFD}.Release|x64.ActiveCfg = Release|Any CPU
		{542D26D1-7E2B-4C32-A887-FB83A1D3ABFD}.Release|x64.Build.0 = Release|Any CPU
		{542D26D1-7E2B-4C32-A887-FB83A1D3ABFD}.Release|x86.ActiveCfg = Release|Any CPU
		{542D26D1-7E2B-4C32-A887-FB83A1D3ABFD}.Release|x86.Build.0 = Release|Any CPU
	EndGlobalSection
	GlobalSection(SolutionProperties) = preSolution
		HideSolutionNode = FALSE
	EndGlobalSection
	GlobalSection(NestedProjects) = preSolution
		{8D626EA8-CB54-BC41-363A-217881BEBA6E} = {827E0CD3-B72D-47B6-A68D-7590B98EB39B}
		{97D3D38E-A328-4A81-8E9C-45DBFEA3C766} = {8D626EA8-CB54-BC41-363A-217881BEBA6E}
		{CF64C9A8-9646-403E-BDCC-DC681F71B957} = {8D626EA8-CB54-BC41-363A-217881BEBA6E}
		{9048EB7F-3875-A59E-E36B-5BD4C6F2A282} = {827E0CD3-B72D-47B6-A68D-7590B98EB39B}
		{D8D52F43-4345-4FD9-8F19-A2DC78A721A6} = {9048EB7F-3875-A59E-E36B-5BD4C6F2A282}
		{CE748B8B-6504-4710-8467-B3EA7E6886D3} = {9048EB7F-3875-A59E-E36B-5BD4C6F2A282}
		{6996BBF7-DB31-59BC-C7DD-9A7CCC6138C4} = {827E0CD3-B72D-47B6-A68D-7590B98EB39B}
		{15AD28AE-020F-48DF-BAF6-0E9CF298E395} = {6996BBF7-DB31-59BC-C7DD-9A7CCC6138C4}
		{542D26D1-7E2B-4C32-A887-FB83A1D3ABFD} = {6996BBF7-DB31-59BC-C7DD-9A7CCC6138C4}
	EndGlobalSection
	GlobalSection(ExtensibilityGlobals) = postSolution
		SolutionGuid = {A9B753F0-814B-460C-9DBA-ABCB1A0B4605}
	EndGlobalSection
EndGlobal
